
Microsoft Visual Studio Solution File, Format Version 12.00
# Visual Studio Version 16
VisualStudioVersion = 16.0.28822.285
MinimumVisualStudioVersion = 10.0.40219.1
Project("{8BC9CEB8-8B4A-11D0-8D11-00A0C91BC942}") = "hp-jpegls-tool", "src/hp-jpegls-tool.vcxproj", "{770C2708-C2C2-4B67-A1EA-2AF701E35792}"
EndProject
Global
	GlobalSection(SolutionConfigurationPlatforms) = preSolution
		Debug|x86 = Debug|x86
		Release|x86 = Release|x86
	EndGlobalSection
	GlobalSection(ProjectConfigurationPlatforms) = postSolution
		{770C2708-C2C2-4B67-A1EA-2AF701E35792}.Debug|x86.ActiveCfg = Debug|Win32
		{770C2708-C2C2-4B67-A1EA-2AF701E35792}.Debug|x86.Build.0 = Debug|Win32
		{770C2708-C2C2-4B67-A1EA-2AF701E35792}.Release|x86.ActiveCfg = Release|Win32
		{770C2708-C2C2-4B67-A1EA-2AF701E35792}.Release|x86.Build.0 = Release|Win32
	EndGlobalSection
	GlobalSection(SolutionProperties) = preSolution
		HideSolutionNode = FALSE
	EndGlobalSection
	GlobalSection(ExtensibilityGlobals) = postSolution
		SolutionGuid = {76D42B28-FE83-4958-B816-7A0F6D52BFE4}
	EndGlobalSection
EndGlobal
